
Microsoft Visual Studio Solution File, Format Version 12.00
# Visual Studio Version 17
VisualStudioVersion = 17.2.32630.192
MinimumVisualStudioVersion = 10.0.40219.1
Project("{FAE04EC0-301F-11D3-BF4B-00C04F79EFBC}") = "WebServer", "WebServer.csproj", "{82B4CF25-19D4-463E-B395-79CBBB1CB151}"
EndProject
Global
	GlobalSection(SolutionConfigurationPlatforms) = preSolution
		Debug|Any CPU = Debug|Any CPU
		Release|Any CPU = Release|Any CPU
	EndGlobalSection
	GlobalSection(ProjectConfigurationPlatforms) = postSolution
		{82B4CF25-19D4-463E-B395-79CBBB1CB151}.Debug|Any CPU.ActiveCfg = Debug|Any CPU
		{82B4CF25-19D4-463E-B395-79CBBB1CB151}.Debug|Any CPU.Build.0 = Debug|Any CPU
		{82B4CF25-19D4-463E-B395-79CBBB1CB151}.Release|Any CPU.ActiveCfg = Release|Any CPU
		{82B4CF25-19D4-463E-B395-79CBBB1CB151}.Release|Any CPU.Build.0 = Release|Any CPU
	EndGlobalSection
	GlobalSection(SolutionProperties) = preSolution
		HideSolutionNode = FALSE
	EndGlobalSection
	GlobalSection(ExtensibilityGlobals) = postSolution
		SolutionGuid = {1F6BAD72-AF6E-42E5-988E-A79BF1D56349}
	EndGlobalSection
EndGlobal
